
Microsoft Visual Studio Solution File, Format Version 12.00
# Visual Studio 2012
Project("{F2A71F9B-5D33-465A-A702-920D77279786}") = "ConsoleApplication9", "ConsoleApplication9\ConsoleApplication9.fsproj", "{B1B81887-F3E3-45D9-8750-27BEADC75220}"
EndProject
Global
	GlobalSection(SolutionConfigurationPlatforms) = preSolution
		Debug|Any CPU = Debug|Any CPU
		Release|Any CPU = Release|Any CPU
	EndGlobalSection
	GlobalSection(ProjectConfigurationPlatforms) = postSolution
		{B1B81887-F3E3-45D9-8750-27BEADC75220}.Debug|Any CPU.ActiveCfg = Debug|Any CPU
		{B1B81887-F3E3-45D9-8750-27BEADC75220}.Debug|Any CPU.Build.0 = Debug|Any CPU
		{B1B81887-F3E3-45D9-8750-27BEADC75220}.Release|Any CPU.ActiveCfg = Release|Any CPU
		{B1B81887-F3E3-45D9-8750-27BEADC75220}.Release|Any CPU.Build.0 = Release|Any CPU
	EndGlobalSection
	GlobalSection(SolutionProperties) = preSolution
		HideSolutionNode = FALSE
	EndGlobalSection
EndGlobal
