
Microsoft Visual Studio Solution File, Format Version 12.00
# Visual Studio 2012
Project("{F2A71F9B-5D33-465A-A702-920D77279786}") = "ConsoleApplication13", "ConsoleApplication13\ConsoleApplication13.fsproj", "{F516E9CB-FFF1-4803-ADDD-6D1952F5C964}"
EndProject
Global
	GlobalSection(SolutionConfigurationPlatforms) = preSolution
		Debug|Any CPU = Debug|Any CPU
		Release|Any CPU = Release|Any CPU
	EndGlobalSection
	GlobalSection(ProjectConfigurationPlatforms) = postSolution
		{F516E9CB-FFF1-4803-ADDD-6D1952F5C964}.Debug|Any CPU.ActiveCfg = Debug|Any CPU
		{F516E9CB-FFF1-4803-ADDD-6D1952F5C964}.Debug|Any CPU.Build.0 = Debug|Any CPU
		{F516E9CB-FFF1-4803-ADDD-6D1952F5C964}.Release|Any CPU.ActiveCfg = Release|Any CPU
		{F516E9CB-FFF1-4803-ADDD-6D1952F5C964}.Release|Any CPU.Build.0 = Release|Any CPU
	EndGlobalSection
	GlobalSection(SolutionProperties) = preSolution
		HideSolutionNode = FALSE
	EndGlobalSection
EndGlobal
